// !$*UTF8*$!
{
	archiveVersion = 1;
	classes = {
	};
	objectVersion = 56;
	objects = {

/* Begin PBXBuildFile section */
		2320763C29511005006A405D /* Item.swift in Sources */ = {isa = PBXBuildFile; fileRef = 2320763B29511005006A405D /* Item.swift */; };
		2322F10C294F99D30063C823 /* AppConstants.swift in Sources */ = {isa = PBXBuildFile; fileRef = 2322F10B294F99D30063C823 /* AppConstants.swift */; };
		233962B4294CF7860053EE83 /* SecondViewControllerConfiguration.swift in Sources */ = {isa = PBXBuildFile; fileRef = 233962B3294CF7860053EE83 /* SecondViewControllerConfiguration.swift */; };
		23855BF62948793000FCFE07 /* AppDelegate.swift in Sources */ = {isa = PBXBuildFile; fileRef = 23855BF52948793000FCFE07 /* AppDelegate.swift */; };
		23855BF82948793000FCFE07 /* SceneDelegate.swift in Sources */ = {isa = PBXBuildFile; fileRef = 23855BF72948793000FCFE07 /* SceneDelegate.swift */; };
		23855BFA2948793000FCFE07 /* FirstScreenViewController.swift in Sources */ = {isa = PBXBuildFile; fileRef = 23855BF92948793000FCFE07 /* FirstScreenViewController.swift */; };
		23855BFD2948793000FCFE07 /* Main.storyboard in Resources */ = {isa = PBXBuildFile; fileRef = 23855BFB2948793000FCFE07 /* Main.storyboard */; };
		23855BFF2948793300FCFE07 /* Assets.xcassets in Resources */ = {isa = PBXBuildFile; fileRef = 23855BFE2948793300FCFE07 /* Assets.xcassets */; };
		23855C022948793300FCFE07 /* LaunchScreen.storyboard in Resources */ = {isa = PBXBuildFile; fileRef = 23855C002948793300FCFE07 /* LaunchScreen.storyboard */; };
		23855C0A29487A2800FCFE07 /* SecondScreenViewController.swift in Sources */ = {isa = PBXBuildFile; fileRef = 23855C0929487A2800FCFE07 /* SecondScreenViewController.swift */; };
		23855C0C2948B47600FCFE07 /* MyTableViewCell.swift in Sources */ = {isa = PBXBuildFile; fileRef = 23855C0B2948B47600FCFE07 /* MyTableViewCell.swift */; };
/* End PBXBuildFile section */

/* Begin PBXFileReference section */
		2320763B29511005006A405D /* Item.swift */ = {isa = PBXFileReference; lastKnownFileType = sourcecode.swift; path = Item.swift; sourceTree = "<group>"; };
		2322F10B294F99D30063C823 /* AppConstants.swift */ = {isa = PBXFileReference; lastKnownFileType = sourcecode.swift; path = AppConstants.swift; sourceTree = "<group>"; };
		233962B3294CF7860053EE83 /* SecondViewControllerConfiguration.swift */ = {isa = PBXFileReference; lastKnownFileType = sourcecode.swift; path = SecondViewControllerConfiguration.swift; sourceTree = "<group>"; };
		23855BF22948793000FCFE07 /* Delegates Task Three.app */ = {isa = PBXFileReference; explicitFileType = wrapper.application; includeInIndex = 0; path = "Delegates Task Three.app"; sourceTree = BUILT_PRODUCTS_DIR; };
		23855BF52948793000FCFE07 /* AppDelegate.swift */ = {isa = PBXFileReference; lastKnownFileType = sourcecode.swift; path = AppDelegate.swift; sourceTree = "<group>"; };
		23855BF72948793000FCFE07 /* SceneDelegate.swift */ = {isa = PBXFileReference; lastKnownFileType = sourcecode.swift; path = SceneDelegate.swift; sourceTree = "<group>"; };
		23855BF92948793000FCFE07 /* FirstScreenViewController.swift */ = {isa = PBXFileReference; lastKnownFileType = sourcecode.swift; path = FirstScreenViewController.swift; sourceTree = "<group>"; };
		23855BFC2948793000FCFE07 /* Base */ = {isa = PBXFileReference; lastKnownFileType = file.storyboard; name = Base; path = Base.lproj/Main.storyboard; sourceTree = "<group>"; };
		23855BFE2948793300FCFE07 /* Assets.xcassets */ = {isa = PBXFileReference; lastKnownFileType = folder.assetcatalog; path = Assets.xcassets; sourceTree = "<group>"; };
		23855C012948793300FCFE07 /* Base */ = {isa = PBXFileReference; lastKnownFileType = file.storyboard; name = Base; path = Base.lproj/LaunchScreen.storyboard; sourceTree = "<group>"; };
		23855C032948793300FCFE07 /* Info.plist */ = {isa = PBXFileReference; lastKnownFileType = text.plist.xml; path = Info.plist; sourceTree = "<group>"; };
		23855C0929487A2800FCFE07 /* SecondScreenViewController.swift */ = {isa = PBXFileReference; lastKnownFileType = sourcecode.swift; path = SecondScreenViewController.swift; sourceTree = "<group>"; };
		23855C0B2948B47600FCFE07 /* MyTableViewCell.swift */ = {isa = PBXFileReference; lastKnownFileType = sourcecode.swift; path = MyTableViewCell.swift; sourceTree = "<group>"; };
/* End PBXFileReference section */

/* Begin PBXFrameworksBuildPhase section */
		23855BEF2948793000FCFE07 /* Frameworks */ = {
			isa = PBXFrameworksBuildPhase;
			buildActionMask = 2147483647;
			files = (
			);
			runOnlyForDeploymentPostprocessing = 0;
		};
/* End PBXFrameworksBuildPhase section */

/* Begin PBXGroup section */
		23855BE92948793000FCFE07 = {
			isa = PBXGroup;
			children = (
				23855BF42948793000FCFE07 /* Delegates Task Three */,
				23855BF32948793000FCFE07 /* Products */,
			);
			sourceTree = "<group>";
		};
		23855BF32948793000FCFE07 /* Products */ = {
			isa = PBXGroup;
			children = (
				23855BF22948793000FCFE07 /* Delegates Task Three.app */,
			);
			name = Products;
			sourceTree = "<group>";
		};
		23855BF42948793000FCFE07 /* Delegates Task Three */ = {
			isa = PBXGroup;
			children = (
				23855BF52948793000FCFE07 /* AppDelegate.swift */,
				23855BF72948793000FCFE07 /* SceneDelegate.swift */,
				23855BF92948793000FCFE07 /* FirstScreenViewController.swift */,
				23855C0929487A2800FCFE07 /* SecondScreenViewController.swift */,
				233962B3294CF7860053EE83 /* SecondViewControllerConfiguration.swift */,
				2320763B29511005006A405D /* Item.swift */,
				23855C0B2948B47600FCFE07 /* MyTableViewCell.swift */,
				2322F10B294F99D30063C823 /* AppConstants.swift */,
				23855BFB2948793000FCFE07 /* Main.storyboard */,
				23855BFE2948793300FCFE07 /* Assets.xcassets */,
				23855C002948793300FCFE07 /* LaunchScreen.storyboard */,
				23855C032948793300FCFE07 /* Info.plist */,
			);
			path = "Delegates Task Three";
			sourceTree = "<group>";
		};
/* End PBXGroup section */

/* Begin PBXNativeTarget section */
		23855BF12948793000FCFE07 /* Delegates Task Three */ = {
			isa = PBXNativeTarget;
			buildConfigurationList = 23855C062948793300FCFE07 /* Build configuration list for PBXNativeTarget "Delegates Task Three" */;
			buildPhases = (
				23855BEE2948793000FCFE07 /* Sources */,
				23855BEF2948793000FCFE07 /* Frameworks */,
				23855BF02948793000FCFE07 /* Resources */,
			);
			buildRules = (
			);
			dependencies = (
			);
			name = "Delegates Task Three";
			productName = "Delegates Task Three";
			productReference = 23855BF22948793000FCFE07 /* Delegates Task Three.app */;
			productType = "com.apple.product-type.application";
		};
/* End PBXNativeTarget section */

/* Begin PBXProject section */
		23855BEA2948793000FCFE07 /* Project object */ = {
			isa = PBXProject;
			attributes = {
				BuildIndependentTargetsInParallel = 1;
				LastSwiftUpdateCheck = 1400;
				LastUpgradeCheck = 1400;
				TargetAttributes = {
					23855BF12948793000FCFE07 = {
						CreatedOnToolsVersion = 14.0.1;
					};
				};
			};
			buildConfigurationList = 23855BED2948793000FCFE07 /* Build configuration list for PBXProject "Delegates Task Three" */;
			compatibilityVersion = "Xcode 14.0";
			developmentRegion = en;
			hasScannedForEncodings = 0;
			knownRegions = (
				en,
				Base,
			);
			mainGroup = 23855BE92948793000FCFE07;
			productRefGroup = 23855BF32948793000FCFE07 /* Products */;
			projectDirPath = "";
			projectRoot = "";
			targets = (
				23855BF12948793000FCFE07 /* Delegates Task Three */,
			);
		};
/* End PBXProject section */

/* Begin PBXResourcesBuildPhase section */
		23855BF02948793000FCFE07 /* Resources */ = {
			isa = PBXResourcesBuildPhase;
			buildActionMask = 2147483647;
			files = (
				23855C022948793300FCFE07 /* LaunchScreen.storyboard in Resources */,
				23855BFF2948793300FCFE07 /* Assets.xcassets in Resources */,
				23855BFD2948793000FCFE07 /* Main.storyboard in Resources */,
			);
			runOnlyForDeploymentPostprocessing = 0;
		};
/* End PBXResourcesBuildPhase section */

/* Begin PBXSourcesBuildPhase section */
		23855BEE2948793000FCFE07 /* Sources */ = {
			isa = PBXSourcesBuildPhase;
			buildActionMask = 2147483647;
			files = (
				23855C0A29487A2800FCFE07 /* SecondScreenViewController.swift in Sources */,
				23855BFA2948793000FCFE07 /* FirstScreenViewController.swift in Sources */,
				23855BF62948793000FCFE07 /* AppDelegate.swift in Sources */,
				233962B4294CF7860053EE83 /* SecondViewControllerConfiguration.swift in Sources */,
				2320763C29511005006A405D /* Item.swift in Sources */,
				2322F10C294F99D30063C823 /* AppConstants.swift in Sources */,
				23855C0C2948B47600FCFE07 /* MyTableViewCell.swift in Sources */,
				23855BF82948793000FCFE07 /* SceneDelegate.swift in Sources */,
			);
			runOnlyForDeploymentPostprocessing = 0;
		};
/* End PBXSourcesBuildPhase section */

/* Begin PBXVariantGroup section */
		23855BFB2948793000FCFE07 /* Main.storyboard */ = {
			isa = PBXVariantGroup;
			children = (
				23855BFC2948793000FCFE07 /* Base */,
			);
			name = Main.storyboard;
			sourceTree = "<group>";
		};
		23855C002948793300FCFE07 /* LaunchScreen.storyboard */ = {
			isa = PBXVariantGroup;
			children = (
				23855C012948793300FCFE07 /* Base */,
			);
			name = LaunchScreen.storyboard;
			sourceTree = "<group>";
		};
/* End PBXVariantGroup section */

/* Begin XCBuildConfiguration section */
		23855C042948793300FCFE07 /* Debug */ = {
			isa = XCBuildConfiguration;
			buildSettings = {
				ALWAYS_SEARCH_USER_PATHS = NO;
				CLANG_ANALYZER_NONNULL = YES;
				CLANG_ANALYZER_NUMBER_OBJECT_CONVERSION = YES_AGGRESSIVE;
				CLANG_CXX_LANGUAGE_STANDARD = "gnu++20";
				CLANG_ENABLE_MODULES = YES;
				CLANG_ENABLE_OBJC_ARC = YES;
				CLANG_ENABLE_OBJC_WEAK = YES;
				CLANG_WARN_BLOCK_CAPTURE_AUTORELEASING = YES;
				CLANG_WARN_BOOL_CONVERSION = YES;
				CLANG_WARN_COMMA = YES;
				CLANG_WARN_CONSTANT_CONVERSION = YES;
				CLANG_WARN_DEPRECATED_OBJC_IMPLEMENTATIONS = YES;
				CLANG_WARN_DIRECT_OBJC_ISA_USAGE = YES_ERROR;
				CLANG_WARN_DOCUMENTATION_COMMENTS = YES;
				CLANG_WARN_EMPTY_BODY = YES;
				CLANG_WARN_ENUM_CONVERSION = YES;
				CLANG_WARN_INFINITE_RECURSION = YES;
				CLANG_WARN_INT_CONVERSION = YES;
				CLANG_WARN_NON_LITERAL_NULL_CONVERSION = YES;
				CLANG_WARN_OBJC_IMPLICIT_RETAIN_SELF = YES;
				CLANG_WARN_OBJC_LITERAL_CONVERSION = YES;
				CLANG_WARN_OBJC_ROOT_CLASS = YES_ERROR;
				CLANG_WARN_QUOTED_INCLUDE_IN_FRAMEWORK_HEADER = YES;
				CLANG_WARN_RANGE_LOOP_ANALYSIS = YES;
				CLANG_WARN_STRICT_PROTOTYPES = YES;
				CLANG_WARN_SUSPICIOUS_MOVE = YES;
				CLANG_WARN_UNGUARDED_AVAILABILITY = YES_AGGRESSIVE;
				CLANG_WARN_UNREACHABLE_CODE = YES;
				CLANG_WARN__DUPLICATE_METHOD_MATCH = YES;
				COPY_PHASE_STRIP = NO;
				DEBUG_INFORMATION_FORMAT = dwarf;
				ENABLE_STRICT_OBJC_MSGSEND = YES;
				ENABLE_TESTABILITY = YES;
				GCC_C_LANGUAGE_STANDARD = gnu11;
				GCC_DYNAMIC_NO_PIC = NO;
				GCC_NO_COMMON_BLOCKS = YES;
				GCC_OPTIMIZATION_LEVEL = 0;
				GCC_PREPROCESSOR_DEFINITIONS = (
					"DEBUG=1",
					"$(inherited)",
				);
				GCC_WARN_64_TO_32_BIT_CONVERSION = YES;
				GCC_WARN_ABOUT_RETURN_TYPE = YES_ERROR;
				GCC_WARN_UNDECLARED_SELECTOR = YES;
				GCC_WARN_UNINITIALIZED_AUTOS = YES_AGGRESSIVE;
				GCC_WARN_UNUSED_FUNCTION = YES;
				GCC_WARN_UNUSED_VARIABLE = YES;
				IPHONEOS_DEPLOYMENT_TARGET = 16.0;
				MTL_ENABLE_DEBUG_INFO = INCLUDE_SOURCE;
				MTL_FAST_MATH = YES;
				ONLY_ACTIVE_ARCH = YES;
				SDKROOT = iphoneos;
				SWIFT_ACTIVE_COMPILATION_CONDITIONS = DEBUG;
				SWIFT_OPTIMIZATION_LEVEL = "-Onone";
			};
			name = Debug;
		};
		23855C052948793300FCFE07 /* Release */ = {
			isa = XCBuildConfiguration;
			buildSettings = {
				ALWAYS_SEARCH_USER_PATHS = NO;
				CLANG_ANALYZER_NONNULL = YES;
				CLANG_ANALYZER_NUMBER_OBJECT_CONVERSION = YES_AGGRESSIVE;
				CLANG_CXX_LANGUAGE_STANDARD = "gnu++20";
				CLANG_ENABLE_MODULES = YES;
				CLANG_ENABLE_OBJC_ARC = YES;
				CLANG_ENABLE_OBJC_WEAK = YES;
				CLANG_WARN_BLOCK_CAPTURE_AUTORELEASING = YES;
				CLANG_WARN_BOOL_CONVERSION = YES;
				CLANG_WARN_COMMA = YES;
				CLANG_WARN_CONSTANT_CONVERSION = YES;
				CLANG_WARN_DEPRECATED_OBJC_IMPLEMENTATIONS = YES;
				CLANG_WARN_DIRECT_OBJC_ISA_USAGE = YES_ERROR;
				CLANG_WARN_DOCUMENTATION_COMMENTS = YES;
				CLANG_WARN_EMPTY_BODY = YES;
				CLANG_WARN_ENUM_CONVERSION = YES;
				CLANG_WARN_INFINITE_RECURSION = YES;
				CLANG_WARN_INT_CONVERSION = YES;
				CLANG_WARN_NON_LITERAL_NULL_CONVERSION = YES;
				CLANG_WARN_OBJC_IMPLICIT_RETAIN_SELF = YES;
				CLANG_WARN_OBJC_LITERAL_CONVERSION = YES;
				CLANG_WARN_OBJC_ROOT_CLASS = YES_ERROR;
				CLANG_WARN_QUOTED_INCLUDE_IN_FRAMEWORK_HEADER = YES;
				CLANG_WARN_RANGE_LOOP_ANALYSIS = YES;
				CLANG_WARN_STRICT_PROTOTYPES = YES;
				CLANG_WARN_SUSPICIOUS_MOVE = YES;
				CLANG_WARN_UNGUARDED_AVAILABILITY = YES_AGGRESSIVE;
				CLANG_WARN_UNREACHABLE_CODE = YES;
				CLANG_WARN__DUPLICATE_METHOD_MATCH = YES;
				COPY_PHASE_STRIP = NO;
				DEBUG_INFORMATION_FORMAT = "dwarf-with-dsym";
				ENABLE_NS_ASSERTIONS = NO;
				ENABLE_STRICT_OBJC_MSGSEND = YES;
				GCC_C_LANGUAGE_STANDARD = gnu11;
				GCC_NO_COMMON_BLOCKS = YES;
				GCC_WARN_64_TO_32_BIT_CONVERSION = YES;
				GCC_WARN_ABOUT_RETURN_TYPE = YES_ERROR;
				GCC_WARN_UNDECLARED_SELECTOR = YES;
				GCC_WARN_UNINITIALIZED_AUTOS = YES_AGGRESSIVE;
				GCC_WARN_UNUSED_FUNCTION = YES;
				GCC_WARN_UNUSED_VARIABLE = YES;
				IPHONEOS_DEPLOYMENT_TARGET = 16.0;
				MTL_ENABLE_DEBUG_INFO = NO;
				MTL_FAST_MATH = YES;
				SDKROOT = iphoneos;
				SWIFT_COMPILATION_MODE = wholemodule;
				SWIFT_OPTIMIZATION_LEVEL = "-O";
				VALIDATE_PRODUCT = YES;
			};
			name = Release;
		};
		23855C072948793300FCFE07 /* Debug */ = {
			isa = XCBuildConfiguration;
			buildSettings = {
				ASSETCATALOG_COMPILER_APPICON_NAME = AppIcon;
				ASSETCATALOG_COMPILER_GLOBAL_ACCENT_COLOR_NAME = AccentColor;
				CODE_SIGN_STYLE = Automatic;
				CURRENT_PROJECT_VERSION = 1;
				DEVELOPMENT_TEAM = 75DSYQ758V;
				GENERATE_INFOPLIST_FILE = YES;
				INFOPLIST_FILE = "Delegates Task Three/Info.plist";
				INFOPLIST_KEY_UIApplicationSupportsIndirectInputEvents = YES;
				INFOPLIST_KEY_UILaunchStoryboardName = LaunchScreen;
				INFOPLIST_KEY_UIMainStoryboardFile = Main;
				INFOPLIST_KEY_UISupportedInterfaceOrientations_iPad = "UIInterfaceOrientationPortrait UIInterfaceOrientationPortraitUpsideDown UIInterfaceOrientationLandscapeLeft UIInterfaceOrientationLandscapeRight";
				INFOPLIST_KEY_UISupportedInterfaceOrientations_iPhone = "UIInterfaceOrientationPortrait UIInterfaceOrientationLandscapeLeft UIInterfaceOrientationLandscapeRight";
				LD_RUNPATH_SEARCH_PATHS = (
					"$(inherited)",
					"@executable_path/Frameworks",
				);
				MARKETING_VERSION = 1.0;
				PRODUCT_BUNDLE_IDENTIFIER = "com.ivanbehichev.Delegates-Task-Three";
				PRODUCT_NAME = "$(TARGET_NAME)";
				SWIFT_EMIT_LOC_STRINGS = YES;
				SWIFT_VERSION = 5.0;
				TARGETED_DEVICE_FAMILY = "1,2";
			};
			name = Debug;
		};
		23855C082948793300FCFE07 /* Release */ = {
			isa = XCBuildConfiguration;
			buildSettings = {
				ASSETCATALOG_COMPILER_APPICON_NAME = AppIcon;
				ASSETCATALOG_COMPILER_GLOBAL_ACCENT_COLOR_NAME = AccentColor;
				CODE_SIGN_STYLE = Automatic;
				CURRENT_PROJECT_VERSION = 1;
				DEVELOPMENT_TEAM = 75DSYQ758V;
				GENERATE_INFOPLIST_FILE = YES;
				INFOPLIST_FILE = "Delegates Task Three/Info.plist";
				INFOPLIST_KEY_UIApplicationSupportsIndirectInputEvents = YES;
				INFOPLIST_KEY_UILaunchStoryboardName = LaunchScreen;
				INFOPLIST_KEY_UIMainStoryboardFile = Main;
				INFOPLIST_KEY_UISupportedInterfaceOrientations_iPad = "UIInterfaceOrientationPortrait UIInterfaceOrientationPortraitUpsideDown UIInterfaceOrientationLandscapeLeft UIInterfaceOrientationLandscapeRight";
				INFOPLIST_KEY_UISupportedInterfaceOrientations_iPhone = "UIInterfaceOrientationPortrait UIInterfaceOrientationLandscapeLeft UIInterfaceOrientationLandscapeRight";
				LD_RUNPATH_SEARCH_PATHS = (
					"$(inherited)",
					"@executable_path/Frameworks",
				);
				MARKETING_VERSION = 1.0;
				PRODUCT_BUNDLE_IDENTIFIER = "com.ivanbehichev.Delegates-Task-Three";
				PRODUCT_NAME = "$(TARGET_NAME)";
				SWIFT_EMIT_LOC_STRINGS = YES;
				SWIFT_VERSION = 5.0;
				TARGETED_DEVICE_FAMILY = "1,2";
			};
			name = Release;
		};
/* End XCBuildConfiguration section */

/* Begin XCConfigurationList section */
		23855BED2948793000FCFE07 /* Build configuration list for PBXProject "Delegates Task Three" */ = {
			isa = XCConfigurationList;
			buildConfigurations = (
				23855C042948793300FCFE07 /* Debug */,
				23855C052948793300FCFE07 /* Release */,
			);
			defaultConfigurationIsVisible = 0;
			defaultConfigurationName = Release;
		};
		23855C062948793300FCFE07 /* Build configuration list for PBXNativeTarget "Delegates Task Three" */ = {
			isa = XCConfigurationList;
			buildConfigurations = (
				23855C072948793300FCFE07 /* Debug */,
				23855C082948793300FCFE07 /* Release */,
			);
			defaultConfigurationIsVisible = 0;
			defaultConfigurationName = Release;
		};
/* End XCConfigurationList section */
	};
	rootObject = 23855BEA2948793000FCFE07 /* Project object */;
}
